{
  "name": "blockbench-plugins",
  "version": "1.0.0",
  "lockfileVersion": 2,
  "requires": true,
  "packages": {
    "": {
      "name": "blockbench-plugins",
      "version": "1.0.0",
      "devDependencies": {
        "blockbench-types": "^4.0.0"
      }
    },
    "node_modules/@types/jquery": {
      "version": "3.5.8",
      "resolved": "https://registry.npmjs.org/@types/jquery/-/jquery-3.5.8.tgz",
      "integrity": "sha512-cXk6NwqjDYg+UI9p2l3x0YmPa4m7RrXqmbK4IpVVpRJiYXU/QTo+UZrn54qfE1+9Gao4qpYqUnxm5ZCy2FTXAw==",
      "dev": true,
      "dependencies": {
        "@types/sizzle": "*"
      }
    },
    "node_modules/@types/sizzle": {
      "version": "2.3.3",
      "resolved": "https://registry.npmjs.org/@types/sizzle/-/sizzle-2.3.3.tgz",
      "integrity": "sha512-JYM8x9EGF163bEyhdJBpR2QX1R5naCJHC8ucJylJ3w9/CVBaskdQ8WqBf8MmQrd1kRvp/a4TS8HJ+bxzR7ZJYQ==",
      "dev": true
    },
    "node_modules/blockbench-types": {
      "version": "4.0.0",
      "resolved": "https://registry.npmjs.org/blockbench-types/-/blockbench-types-4.0.0.tgz",
      "integrity": "sha512-NF231gxXWFF8J8w9Nk/kbfUnvVt2tMkHXyTdWux8H7CO+m+uFjkrg2QSMObdJu79iM+5U5Xq/8zFx/6KgYsE8Q==",
      "dev": true,
      "dependencies": {
        "@types/jquery": "^3.5.4",
        "three": "^0.129.0",
        "vue": "^2.6.14",
        "wintersky": "^1.0.2"
      }
    },
    "node_modules/molangjs": {
      "version": "1.4.1",
      "resolved": "https://registry.npmjs.org/molangjs/-/molangjs-1.4.1.tgz",
      "integrity": "sha512-k8RAqIJC44orQ2IDzS1HTl/RIUiOJcBX4XaSVmLQPoGeAfoUr8e/bmipP8VYdr8Oy4dmmnWs7eF9aWxWs3nKjQ==",
      "dev": true
    },
    "node_modules/three": {
      "version": "0.129.0",
      "resolved": "https://registry.npmjs.org/three/-/three-0.129.0.tgz",
      "integrity": "sha512-wiWio1yVRg2Oj6WEWsTHQo5eSzYpEwSBtPSi3OofNpvFbf26HFfb9kw4FZJNjII4qxzp0b1xLB11+tKkBGB1ZA==",
      "dev": true
    },
    "node_modules/tinycolor2": {
      "version": "1.4.2",
      "resolved": "https://registry.npmjs.org/tinycolor2/-/tinycolor2-1.4.2.tgz",
      "integrity": "sha512-vJhccZPs965sV/L2sU4oRQVAos0pQXwsvTLkWYdqJ+a8Q5kPFzJTuOFwy7UniPli44NKQGAglksjvOcpo95aZA==",
      "dev": true,
      "engines": {
        "node": "*"
      }
    },
    "node_modules/vue": {
      "version": "2.6.14",
      "resolved": "https://registry.npmjs.org/vue/-/vue-2.6.14.tgz",
      "integrity": "sha512-x2284lgYvjOMj3Za7kqzRcUSxBboHqtgRE2zlos1qWaOye5yUmHn42LB1250NJBLRwEcdrB0JRwyPTEPhfQjiQ==",
      "dev": true
    },
    "node_modules/wintersky": {
      "version": "1.0.2",
      "resolved": "https://registry.npmjs.org/wintersky/-/wintersky-1.0.2.tgz",
      "integrity": "sha512-ZZgjWYQ4gUXgsCA48Ajk+vRMbXMQ6djPdQkyYP84v4sJ50Yc5Q3hELsROaO5cCrWVYLl1Y/7Chabbpl+nss0jg==",
      "dev": true,
      "dependencies": {
        "molangjs": "^1.4.0",
        "three": "^0.127.0",
        "tinycolor2": "^1.4.2"
      }
    },
    "node_modules/wintersky/node_modules/three": {
      "version": "0.127.0",
      "resolved": "https://registry.npmjs.org/three/-/three-0.127.0.tgz",
      "integrity": "sha512-wtgrn+mhYUbobxT7QN3GPdu3SRpSBQvwY6uOzLChWS7QE//f7paDU/+wlzbg+ngeIvBBqjBHSRuywTh8A99Jng==",
      "dev": true
    }
  },
  "dependencies": {
    "@types/jquery": {
      "version": "3.5.8",
      "resolved": "https://registry.npmjs.org/@types/jquery/-/jquery-3.5.8.tgz",
      "integrity": "sha512-cXk6NwqjDYg+UI9p2l3x0YmPa4m7RrXqmbK4IpVVpRJiYXU/QTo+UZrn54qfE1+9Gao4qpYqUnxm5ZCy2FTXAw==",
      "dev": true,
      "requires": {
        "@types/sizzle": "*"
      }
    },
    "@types/sizzle": {
      "version": "2.3.3",
      "resolved": "https://registry.npmjs.org/@types/sizzle/-/sizzle-2.3.3.tgz",
      "integrity": "sha512-JYM8x9EGF163bEyhdJBpR2QX1R5naCJHC8ucJylJ3w9/CVBaskdQ8WqBf8MmQrd1kRvp/a4TS8HJ+bxzR7ZJYQ==",
      "dev": true
    },
    "blockbench-types": {
      "version": "4.0.0",
      "resolved": "https://registry.npmjs.org/blockbench-types/-/blockbench-types-4.0.0.tgz",
      "integrity": "sha512-NF231gxXWFF8J8w9Nk/kbfUnvVt2tMkHXyTdWux8H7CO+m+uFjkrg2QSMObdJu79iM+5U5Xq/8zFx/6KgYsE8Q==",
      "dev": true,
      "requires": {
        "@types/jquery": "^3.5.4",
        "three": "^0.129.0",
        "vue": "^2.6.14",
        "wintersky": "^1.0.2"
      }
    },
    "molangjs": {
      "version": "1.4.1",
      "resolved": "https://registry.npmjs.org/molangjs/-/molangjs-1.4.1.tgz",
      "integrity": "sha512-k8RAqIJC44orQ2IDzS1HTl/RIUiOJcBX4XaSVmLQPoGeAfoUr8e/bmipP8VYdr8Oy4dmmnWs7eF9aWxWs3nKjQ==",
      "dev": true
    },
    "three": {
      "version": "0.129.0",
      "resolved": "https://registry.npmjs.org/three/-/three-0.129.0.tgz",
      "integrity": "sha512-wiWio1yVRg2Oj6WEWsTHQo5eSzYpEwSBtPSi3OofNpvFbf26HFfb9kw4FZJNjII4qxzp0b1xLB11+tKkBGB1ZA==",
      "dev": true
    },
    "tinycolor2": {
      "version": "1.4.2",
      "resolved": "https://registry.npmjs.org/tinycolor2/-/tinycolor2-1.4.2.tgz",
      "integrity": "sha512-vJhccZPs965sV/L2sU4oRQVAos0pQXwsvTLkWYdqJ+a8Q5kPFzJTuOFwy7UniPli44NKQGAglksjvOcpo95aZA==",
      "dev": true
    },
    "vue": {
      "version": "2.6.14",
      "resolved": "https://registry.npmjs.org/vue/-/vue-2.6.14.tgz",
      "integrity": "sha512-x2284lgYvjOMj3Za7kqzRcUSxBboHqtgRE2zlos1qWaOye5yUmHn42LB1250NJBLRwEcdrB0JRwyPTEPhfQjiQ==",
      "dev": true
    },
    "wintersky": {
      "version": "1.0.2",
      "resolved": "https://registry.npmjs.org/wintersky/-/wintersky-1.0.2.tgz",
      "integrity": "sha512-ZZgjWYQ4gUXgsCA48Ajk+vRMbXMQ6djPdQkyYP84v4sJ50Yc5Q3hELsROaO5cCrWVYLl1Y/7Chabbpl+nss0jg==",
      "dev": true,
      "requires": {
        "molangjs": "^1.4.0",
        "three": "^0.127.0",
        "tinycolor2": "^1.4.2"
      },
      "dependencies": {
        "three": {
          "version": "0.127.0",
          "resolved": "https://registry.npmjs.org/three/-/three-0.127.0.tgz",
          "integrity": "sha512-wtgrn+mhYUbobxT7QN3GPdu3SRpSBQvwY6uOzLChWS7QE//f7paDU/+wlzbg+ngeIvBBqjBHSRuywTh8A99Jng==",
          "dev": true
        }
      }
    }
  }
}
